
Microsoft Visual Studio Solution File, Format Version 12.00
# Visual Studio 14
VisualStudioVersion = 14.0.25420.1
MinimumVisualStudioVersion = 10.0.40219.1
Project("{FAE04EC0-301F-11D3-BF4B-00C04F79EFBC}") = "TinyPOC", "TinyPOC\TinyPOC.csproj", "{EA5630D1-075E-4E34-9032-D16DD3D5EF70}"
EndProject
Project("{00D1A9C2-B5F0-4AF3-8072-F6C62B433612}") = "TinyPOC.Database", "TinyPOC.Database\TinyPOC.Database.sqlproj", "{A91F5C80-BF75-48BF-92C1-822D4DBDA817}"
EndProject
Global
	GlobalSection(SolutionConfigurationPlatforms) = preSolution
		Debug|Any CPU = Debug|Any CPU
		Release|Any CPU = Release|Any CPU
	EndGlobalSection
	GlobalSection(ProjectConfigurationPlatforms) = postSolution
		{EA5630D1-075E-4E34-9032-D16DD3D5EF70}.Debug|Any CPU.ActiveCfg = Debug|Any CPU
		{EA5630D1-075E-4E34-9032-D16DD3D5EF70}.Debug|Any CPU.Build.0 = Debug|Any CPU
		{EA5630D1-075E-4E34-9032-D16DD3D5EF70}.Release|Any CPU.ActiveCfg = Release|Any CPU
		{EA5630D1-075E-4E34-9032-D16DD3D5EF70}.Release|Any CPU.Build.0 = Release|Any CPU
		{A91F5C80-BF75-48BF-92C1-822D4DBDA817}.Debug|Any CPU.ActiveCfg = Debug|Any CPU
		{A91F5C80-BF75-48BF-92C1-822D4DBDA817}.Debug|Any CPU.Build.0 = Debug|Any CPU
		{A91F5C80-BF75-48BF-92C1-822D4DBDA817}.Debug|Any CPU.Deploy.0 = Debug|Any CPU
		{A91F5C80-BF75-48BF-92C1-822D4DBDA817}.Release|Any CPU.ActiveCfg = Release|Any CPU
		{A91F5C80-BF75-48BF-92C1-822D4DBDA817}.Release|Any CPU.Build.0 = Release|Any CPU
		{A91F5C80-BF75-48BF-92C1-822D4DBDA817}.Release|Any CPU.Deploy.0 = Release|Any CPU
	EndGlobalSection
	GlobalSection(SolutionProperties) = preSolution
		HideSolutionNode = FALSE
	EndGlobalSection
EndGlobal
